
Microsoft Visual Studio Solution File, Format Version 12.00
# Visual Studio Version 16
VisualStudioVersion = 16.0.31702.278
MinimumVisualStudioVersion = 10.0.40219.1
Project("{FAE04EC0-301F-11D3-BF4B-00C04F79EFBC}") = "ClientService", "ClientService.csproj", "{11844215-B420-4734-9818-2C12454798C1}"
EndProject
Global
	GlobalSection(SolutionConfigurationPlatforms) = preSolution
		Debug|Any CPU = Debug|Any CPU
		Release|Any CPU = Release|Any CPU
	EndGlobalSection
	GlobalSection(ProjectConfigurationPlatforms) = postSolution
		{11844215-B420-4734-9818-2C12454798C1}.Debug|Any CPU.ActiveCfg = Debug|Any CPU
		{11844215-B420-4734-9818-2C12454798C1}.Debug|Any CPU.Build.0 = Debug|Any CPU
		{11844215-B420-4734-9818-2C12454798C1}.Release|Any CPU.ActiveCfg = Release|Any CPU
		{11844215-B420-4734-9818-2C12454798C1}.Release|Any CPU.Build.0 = Release|Any CPU
	EndGlobalSection
	GlobalSection(SolutionProperties) = preSolution
		HideSolutionNode = FALSE
	EndGlobalSection
	GlobalSection(ExtensibilityGlobals) = postSolution
		SolutionGuid = {7039B1E6-E993-43CD-9AED-C489D157D9FC}
	EndGlobalSection
EndGlobal
